# THIS IS AN AUTOGENERATED FILE. DO NOT EDIT THIS FILE DIRECTLY.
# yarn lockfile v1


csv-parser@^3.0.0:
  version "3.0.0"
  resolved "https://registry.yarnpkg.com/csv-parser/-/csv-parser-3.0.0.tgz#b88a6256d79e090a97a1b56451f9327b01d710e7"
  integrity sha512-s6OYSXAK3IdKqYO33y09jhypG/bSDHPuyCme/IdEHfWpLf/jKcpitVFyOC6UemgGk8v7Q5u2XE0vvwmanxhGlQ==
  dependencies:
    minimist "^1.2.0"

first-chunk-stream@^3.0.0:
  version "3.0.0"
  resolved "https://registry.yarnpkg.com/first-chunk-stream/-/first-chunk-stream-3.0.0.tgz#06972a66263505ed82b2c4db93c1b5e078a6576a"
  integrity sha512-LNRvR4hr/S8cXXkIY5pTgVP7L3tq6LlYWcg9nWBuW7o1NMxKZo6oOVa/6GIekMGI0Iw7uC+HWimMe9u/VAeKqw==

is-utf8@^0.2.1:
  version "0.2.1"
  resolved "https://registry.yarnpkg.com/is-utf8/-/is-utf8-0.2.1.tgz#4b0da1442104d1b336340e80797e865cf39f7d72"
  integrity sha1-Sw2hRCEE0bM2NA6AeX6GXPOffXI=

minimist@^1.2.0:
  version "1.2.6"
  resolved "https://registry.yarnpkg.com/minimist/-/minimist-1.2.6.tgz#8637a5b759ea0d6e98702cfb3a9283323c93af44"
  integrity sha512-Jsjnk4bw3YJqYzbdyBiNsPWHPfO++UGG749Cxs6peCu5Xg4nrena6OVxOYxrQTqww0Jmwt+Ref8rggumkTLz9Q==

strip-bom-buf@^2.0.0:
  version "2.0.0"
  resolved "https://registry.yarnpkg.com/strip-bom-buf/-/strip-bom-buf-2.0.0.tgz#ff9c223937f8e7154b77e9de9bde094186885c15"
  integrity sha512-gLFNHucd6gzb8jMsl5QmZ3QgnUJmp7qn4uUSHNwEXumAp7YizoGYw19ZUVfuq4aBOQUtyn2k8X/CwzWB73W2lQ==
  dependencies:
    is-utf8 "^0.2.1"

strip-bom-stream@^4.0.0:
  version "4.0.0"
  resolved "https://registry.yarnpkg.com/strip-bom-stream/-/strip-bom-stream-4.0.0.tgz#4d21a651e723ef743a0a8b0d4534471805330cbb"
  integrity sha512-0ApK3iAkHv6WbgLICw/J4nhwHeDZsBxIIsOD+gHgZICL6SeJ0S9f/WZqemka9cjkTyMN5geId6e8U5WGFAn3cQ==
  dependencies:
    first-chunk-stream "^3.0.0"
    strip-bom-buf "^2.0.0"
